# THIS IS AN AUTOGENERATED FILE. DO NOT EDIT THIS FILE DIRECTLY.
# yarn lockfile v1


turbo-darwin-64@2.6.3:
  version "2.6.3"
  resolved "https://registry.yarnpkg.com/turbo-darwin-64/-/turbo-darwin-64-2.6.3.tgz#8b2e734b0bfb5626c3fb611d812e0ceba6534033"
  integrity sha512-BlJJDc1CQ7SK5Y5qnl7AzpkvKSnpkfPmnA+HeU/sgny3oHZckPV2776ebO2M33CYDSor7+8HQwaodY++IINhYg==

turbo-darwin-arm64@2.6.3:
  version "2.6.3"
  resolved "https://registry.yarnpkg.com/turbo-darwin-arm64/-/turbo-darwin-arm64-2.6.3.tgz#6b21ec562ac4c08e81f3c6fb15c6caa0e4340470"
  integrity sha512-MwVt7rBKiOK7zdYerenfCRTypefw4kZCue35IJga9CH1+S50+KTiCkT6LBqo0hHeoH2iKuI0ldTF2a0aB72z3w==

turbo-linux-64@2.6.3:
  version "2.6.3"
  resolved "https://registry.yarnpkg.com/turbo-linux-64/-/turbo-linux-64-2.6.3.tgz#ffc129da804939596b6396de9124e0577909101a"
  integrity sha512-cqpcw+dXxbnPtNnzeeSyWprjmuFVpHJqKcs7Jym5oXlu/ZcovEASUIUZVN3OGEM6Y/OTyyw0z09tOHNt5yBAVg==

turbo-linux-arm64@2.6.3:
  version "2.6.3"
  resolved "https://registry.yarnpkg.com/turbo-linux-arm64/-/turbo-linux-arm64-2.6.3.tgz#3518eef70e815a3ee87c15fc2e7e99f2bf051f35"
  integrity sha512-MterpZQmjXyr4uM7zOgFSFL3oRdNKeflY7nsjxJb2TklsYqiu3Z9pQ4zRVFFH8n0mLGna7MbQMZuKoWqqHb45w==

turbo-windows-64@2.6.3:
  version "2.6.3"
  resolved "https://registry.yarnpkg.com/turbo-windows-64/-/turbo-windows-64-2.6.3.tgz#c4f19647e2def14d476d696bc465f88d4b9e4beb"
  integrity sha512-biDU70v9dLwnBdLf+daoDlNJVvqOOP8YEjqNipBHzgclbQlXbsi6Gqqelp5er81Qo3BiRgmTNx79oaZQTPb07Q==

turbo-windows-arm64@2.6.3:
  version "2.6.3"
  resolved "https://registry.yarnpkg.com/turbo-windows-arm64/-/turbo-windows-arm64-2.6.3.tgz#d071b628b7682556b6b7a194658975d5f9fe5f1c"
  integrity sha512-dDHVKpSeukah3VsI/xMEKeTnV9V9cjlpFSUs4bmsUiLu3Yv2ENlgVEZv65wxbeE0bh0jjpmElDT+P1KaCxArQQ==

turbo@^2.6.3:
  version "2.6.3"
  resolved "https://registry.yarnpkg.com/turbo/-/turbo-2.6.3.tgz#bdde1eb3c1a3076b91eaef5fec98d63400609f15"
  integrity sha512-bf6YKUv11l5Xfcmg76PyWoy/e2vbkkxFNBGJSnfdSXQC33ZiUfutYh6IXidc5MhsnrFkWfdNNLyaRk+kHMLlwA==
  optionalDependencies:
    turbo-darwin-64 "2.6.3"
    turbo-darwin-arm64 "2.6.3"
    turbo-linux-64 "2.6.3"
    turbo-linux-arm64 "2.6.3"
    turbo-windows-64 "2.6.3"
    turbo-windows-arm64 "2.6.3"
